{
	"name": "osmql",
	"version": "0.0.9",
	"lockfileVersion": 2,
	"requires": true,
	"packages": {
		"": {
			"name": "osmql",
			"version": "0.0.9",
			"license": "MIT",
			"dependencies": {
				"axios": "^0.24.0",
				"osmtogeojson": "^1.4.0"
			},
			"devDependencies": {
				"@types/node": "^16.11.11",
				"@types/osmtogeojson": "^2.2.30",
				"typescript": "^4.5.2"
			}
		},
		"node_modules/@types/node": {
			"version": "16.11.11",
			"resolved": "https://registry.npmjs.org/@types/node/-/node-16.11.11.tgz",
			"integrity": "sha512-KB0sixD67CeecHC33MYn+eYARkqTheIRNuu97y2XMjR7Wu3XibO1vaY6VBV6O/a89SPI81cEUIYT87UqUWlZNw==",
			"dev": true
		},
		"node_modules/@types/osmtogeojson": {
			"version": "2.2.30",
			"resolved": "https://registry.npmjs.org/@types/osmtogeojson/-/osmtogeojson-2.2.30.tgz",
			"integrity": "sha512-2TE8PjRSqDvlSCNUU3jln9KVKERXwOAVR7Yhxaww0ST9WSqylIAT0itivECUyvuK83/JkIsCnExS4yNobP8SVg==",
			"dev": true
		},
		"node_modules/axios": {
			"version": "0.24.0",
			"resolved": "https://registry.npmjs.org/axios/-/axios-0.24.0.tgz",
			"integrity": "sha512-Q6cWsys88HoPgAaFAVUb0WpPk0O8iTeisR9IMqy9G8AbO4NlpVknrnQS03zzF9PGAWgO3cgletO3VjV/P7VztA==",
			"dependencies": {
				"follow-redirects": "^1.14.4"
			}
		},
		"node_modules/base64-js": {
			"version": "0.0.2",
			"resolved": "https://registry.npmjs.org/base64-js/-/base64-js-0.0.2.tgz",
			"integrity": "sha1-Ak8Pcq+iW3X5wO5zzU9V7Bvtl4Q=",
			"engines": {
				"node": ">= 0.4"
			}
		},
		"node_modules/bops": {
			"version": "0.0.6",
			"resolved": "https://registry.npmjs.org/bops/-/bops-0.0.6.tgz",
			"integrity": "sha1-CC0dVfoB5g29wuvC26N/ZZVUzzo=",
			"dependencies": {
				"base64-js": "0.0.2",
				"to-utf8": "0.0.1"
			}
		},
		"node_modules/concat-stream": {
			"version": "1.0.1",
			"resolved": "https://registry.npmjs.org/concat-stream/-/concat-stream-1.0.1.tgz",
			"integrity": "sha1-AYsYvBx9BzotyCqkhEI0GixN158=",
			"engines": [
				"node >= 0.8.0"
			],
			"dependencies": {
				"bops": "0.0.6"
			}
		},
		"node_modules/core-util-is": {
			"version": "1.0.3",
			"resolved": "https://registry.npmjs.org/core-util-is/-/core-util-is-1.0.3.tgz",
			"integrity": "sha512-ZQBvi1DcpJ4GDqanjucZ2Hj3wEO5pZDS89BWbkcrvdxksJorwUDDZamX9ldFkp9aw2lmBDLgkObEA4DWNJ9FYQ=="
		},
		"node_modules/domelementtype": {
			"version": "1.3.1",
			"resolved": "https://registry.npmjs.org/domelementtype/-/domelementtype-1.3.1.tgz",
			"integrity": "sha512-BSKB+TSpMpFI/HOxCNr1O8aMOTZ8hT3pM3GQ0w/mWRmkhEDSFJkkyzz4XQsBV44BChwGkrDfMyjVD0eA2aFV3w=="
		},
		"node_modules/domhandler": {
			"version": "2.0.3",
			"resolved": "https://registry.npmjs.org/domhandler/-/domhandler-2.0.3.tgz",
			"integrity": "sha1-iJ+N9iZAOvB4jinWbV1cb36/D9Y=",
			"dependencies": {
				"domelementtype": "1"
			}
		},
		"node_modules/domutils": {
			"version": "1.1.6",
			"resolved": "https://registry.npmjs.org/domutils/-/domutils-1.1.6.tgz",
			"integrity": "sha1-vdw94Jm5ou+sxRxiPyj0FuzFdIU=",
			"dependencies": {
				"domelementtype": "1"
			}
		},
		"node_modules/follow-redirects": {
			"version": "1.14.5",
			"resolved": "https://registry.npmjs.org/follow-redirects/-/follow-redirects-1.14.5.tgz",
			"integrity": "sha512-wtphSXy7d4/OR+MvIFbCVBDzZ5520qV8XfPklSN5QtxuMUJZ+b0Wnst1e1lCDocfzuCkHqj8k0FpZqO+UIaKNA==",
			"funding": [
				{
					"type": "individual",
					"url": "https://github.com/sponsors/RubenVerborgh"
				}
			],
			"engines": {
				"node": ">=4.0"
			},
			"peerDependenciesMeta": {
				"debug": {
					"optional": true
				}
			}
		},
		"node_modules/htmlparser2": {
			"version": "3.0.5",
			"resolved": "https://registry.npmjs.org/htmlparser2/-/htmlparser2-3.0.5.tgz",
			"integrity": "sha1-fzBgjLeAnzX/fG3YDinCR6p9r18=",
			"dependencies": {
				"domelementtype": "1",
				"domhandler": "2.0",
				"domutils": "1.1",
				"readable-stream": "1.0"
			}
		},
		"node_modules/inherits": {
			"version": "2.0.4",
			"resolved": "https://registry.npmjs.org/inherits/-/inherits-2.0.4.tgz",
			"integrity": "sha512-k/vGaX4/Yla3WzyMCvTQOXYeIHvqOKtnqBduzTHpzpQZzAskKMhZ2K+EnBiSM9zGSoIFeMpXKxa4dYeZIQqewQ=="
		},
		"node_modules/isarray": {
			"version": "0.0.1",
			"resolved": "https://registry.npmjs.org/isarray/-/isarray-0.0.1.tgz",
			"integrity": "sha1-ihis/Kmo9Bd+Cav8YDiTmwXR7t8="
		},
		"node_modules/lodash": {
			"version": "2.2.1",
			"resolved": "https://registry.npmjs.org/lodash/-/lodash-2.2.1.tgz",
			"integrity": "sha1-ypNf0UqzwMhyq6zxmLnNpQFECGc=",
			"engines": [
				"node",
				"rhino"
			]
		},
		"node_modules/optimist": {
			"version": "0.3.7",
			"resolved": "https://registry.npmjs.org/optimist/-/optimist-0.3.7.tgz",
			"integrity": "sha1-yQlBrVnkJzMokjB00s8ufLxuwNk=",
			"dependencies": {
				"wordwrap": "~0.0.2"
			}
		},
		"node_modules/osmtogeojson": {
			"version": "1.4.0",
			"resolved": "https://registry.npmjs.org/osmtogeojson/-/osmtogeojson-1.4.0.tgz",
			"integrity": "sha1-7cFrFDswPAi4PH5JoFgZvaG6cis=",
			"dependencies": {
				"concat-stream": "~1.0.1",
				"htmlparser2": "~3.0.5",
				"lodash": "~2.2.0",
				"optimist": "~0.3.5",
				"xmldom": "~0.1.16"
			},
			"bin": {
				"osmtogeojson": "osmtogeojson"
			},
			"engines": {
				"node": ">=0.5"
			}
		},
		"node_modules/readable-stream": {
			"version": "1.0.34",
			"resolved": "https://registry.npmjs.org/readable-stream/-/readable-stream-1.0.34.tgz",
			"integrity": "sha1-Elgg40vIQtLyqq+v5MKRbuMsFXw=",
			"dependencies": {
				"core-util-is": "~1.0.0",
				"inherits": "~2.0.1",
				"isarray": "0.0.1",
				"string_decoder": "~0.10.x"
			}
		},
		"node_modules/string_decoder": {
			"version": "0.10.31",
			"resolved": "https://registry.npmjs.org/string_decoder/-/string_decoder-0.10.31.tgz",
			"integrity": "sha1-YuIDvEF2bGwoyfyEMB2rHFMQ+pQ="
		},
		"node_modules/to-utf8": {
			"version": "0.0.1",
			"resolved": "https://registry.npmjs.org/to-utf8/-/to-utf8-0.0.1.tgz",
			"integrity": "sha1-0Xrqcv8vujm55DYBvns/9y4ImFI="
		},
		"node_modules/typescript": {
			"version": "4.5.2",
			"resolved": "https://registry.npmjs.org/typescript/-/typescript-4.5.2.tgz",
			"integrity": "sha512-5BlMof9H1yGt0P8/WF+wPNw6GfctgGjXp5hkblpyT+8rkASSmkUKMXrxR0Xg8ThVCi/JnHQiKXeBaEwCeQwMFw==",
			"dev": true,
			"bin": {
				"tsc": "bin/tsc",
				"tsserver": "bin/tsserver"
			},
			"engines": {
				"node": ">=4.2.0"
			}
		},
		"node_modules/wordwrap": {
			"version": "0.0.3",
			"resolved": "https://registry.npmjs.org/wordwrap/-/wordwrap-0.0.3.tgz",
			"integrity": "sha1-o9XabNXAvAAI03I0u68b7WMFkQc=",
			"engines": {
				"node": ">=0.4.0"
			}
		},
		"node_modules/xmldom": {
			"version": "0.1.31",
			"resolved": "https://registry.npmjs.org/xmldom/-/xmldom-0.1.31.tgz",
			"integrity": "sha512-yS2uJflVQs6n+CyjHoaBmVSqIDevTAWrzMmjG1Gc7h1qQ7uVozNhEPJAwZXWyGQ/Gafo3fCwrcaokezLPupVyQ==",
			"deprecated": "Deprecated due to CVE-2021-21366 resolved in 0.5.0",
			"engines": {
				"node": ">=0.1"
			}
		}
	},
	"dependencies": {
		"@types/node": {
			"version": "16.11.11",
			"resolved": "https://registry.npmjs.org/@types/node/-/node-16.11.11.tgz",
			"integrity": "sha512-KB0sixD67CeecHC33MYn+eYARkqTheIRNuu97y2XMjR7Wu3XibO1vaY6VBV6O/a89SPI81cEUIYT87UqUWlZNw==",
			"dev": true
		},
		"@types/osmtogeojson": {
			"version": "2.2.30",
			"resolved": "https://registry.npmjs.org/@types/osmtogeojson/-/osmtogeojson-2.2.30.tgz",
			"integrity": "sha512-2TE8PjRSqDvlSCNUU3jln9KVKERXwOAVR7Yhxaww0ST9WSqylIAT0itivECUyvuK83/JkIsCnExS4yNobP8SVg==",
			"dev": true
		},
		"axios": {
			"version": "0.24.0",
			"resolved": "https://registry.npmjs.org/axios/-/axios-0.24.0.tgz",
			"integrity": "sha512-Q6cWsys88HoPgAaFAVUb0WpPk0O8iTeisR9IMqy9G8AbO4NlpVknrnQS03zzF9PGAWgO3cgletO3VjV/P7VztA==",
			"requires": {
				"follow-redirects": "^1.14.4"
			}
		},
		"base64-js": {
			"version": "0.0.2",
			"resolved": "https://registry.npmjs.org/base64-js/-/base64-js-0.0.2.tgz",
			"integrity": "sha1-Ak8Pcq+iW3X5wO5zzU9V7Bvtl4Q="
		},
		"bops": {
			"version": "0.0.6",
			"resolved": "https://registry.npmjs.org/bops/-/bops-0.0.6.tgz",
			"integrity": "sha1-CC0dVfoB5g29wuvC26N/ZZVUzzo=",
			"requires": {
				"base64-js": "0.0.2",
				"to-utf8": "0.0.1"
			}
		},
		"concat-stream": {
			"version": "1.0.1",
			"resolved": "https://registry.npmjs.org/concat-stream/-/concat-stream-1.0.1.tgz",
			"integrity": "sha1-AYsYvBx9BzotyCqkhEI0GixN158=",
			"requires": {
				"bops": "0.0.6"
			}
		},
		"core-util-is": {
			"version": "1.0.3",
			"resolved": "https://registry.npmjs.org/core-util-is/-/core-util-is-1.0.3.tgz",
			"integrity": "sha512-ZQBvi1DcpJ4GDqanjucZ2Hj3wEO5pZDS89BWbkcrvdxksJorwUDDZamX9ldFkp9aw2lmBDLgkObEA4DWNJ9FYQ=="
		},
		"domelementtype": {
			"version": "1.3.1",
			"resolved": "https://registry.npmjs.org/domelementtype/-/domelementtype-1.3.1.tgz",
			"integrity": "sha512-BSKB+TSpMpFI/HOxCNr1O8aMOTZ8hT3pM3GQ0w/mWRmkhEDSFJkkyzz4XQsBV44BChwGkrDfMyjVD0eA2aFV3w=="
		},
		"domhandler": {
			"version": "2.0.3",
			"resolved": "https://registry.npmjs.org/domhandler/-/domhandler-2.0.3.tgz",
			"integrity": "sha1-iJ+N9iZAOvB4jinWbV1cb36/D9Y=",
			"requires": {
				"domelementtype": "1"
			}
		},
		"domutils": {
			"version": "1.1.6",
			"resolved": "https://registry.npmjs.org/domutils/-/domutils-1.1.6.tgz",
			"integrity": "sha1-vdw94Jm5ou+sxRxiPyj0FuzFdIU=",
			"requires": {
				"domelementtype": "1"
			}
		},
		"follow-redirects": {
			"version": "1.14.5",
			"resolved": "https://registry.npmjs.org/follow-redirects/-/follow-redirects-1.14.5.tgz",
			"integrity": "sha512-wtphSXy7d4/OR+MvIFbCVBDzZ5520qV8XfPklSN5QtxuMUJZ+b0Wnst1e1lCDocfzuCkHqj8k0FpZqO+UIaKNA=="
		},
		"htmlparser2": {
			"version": "3.0.5",
			"resolved": "https://registry.npmjs.org/htmlparser2/-/htmlparser2-3.0.5.tgz",
			"integrity": "sha1-fzBgjLeAnzX/fG3YDinCR6p9r18=",
			"requires": {
				"domelementtype": "1",
				"domhandler": "2.0",
				"domutils": "1.1",
				"readable-stream": "1.0"
			}
		},
		"inherits": {
			"version": "2.0.4",
			"resolved": "https://registry.npmjs.org/inherits/-/inherits-2.0.4.tgz",
			"integrity": "sha512-k/vGaX4/Yla3WzyMCvTQOXYeIHvqOKtnqBduzTHpzpQZzAskKMhZ2K+EnBiSM9zGSoIFeMpXKxa4dYeZIQqewQ=="
		},
		"isarray": {
			"version": "0.0.1",
			"resolved": "https://registry.npmjs.org/isarray/-/isarray-0.0.1.tgz",
			"integrity": "sha1-ihis/Kmo9Bd+Cav8YDiTmwXR7t8="
		},
		"lodash": {
			"version": "2.2.1",
			"resolved": "https://registry.npmjs.org/lodash/-/lodash-2.2.1.tgz",
			"integrity": "sha1-ypNf0UqzwMhyq6zxmLnNpQFECGc="
		},
		"optimist": {
			"version": "0.3.7",
			"resolved": "https://registry.npmjs.org/optimist/-/optimist-0.3.7.tgz",
			"integrity": "sha1-yQlBrVnkJzMokjB00s8ufLxuwNk=",
			"requires": {
				"wordwrap": "~0.0.2"
			}
		},
		"osmtogeojson": {
			"version": "1.4.0",
			"resolved": "https://registry.npmjs.org/osmtogeojson/-/osmtogeojson-1.4.0.tgz",
			"integrity": "sha1-7cFrFDswPAi4PH5JoFgZvaG6cis=",
			"requires": {
				"concat-stream": "~1.0.1",
				"htmlparser2": "~3.0.5",
				"lodash": "~2.2.0",
				"optimist": "~0.3.5",
				"xmldom": "~0.1.16"
			}
		},
		"readable-stream": {
			"version": "1.0.34",
			"resolved": "https://registry.npmjs.org/readable-stream/-/readable-stream-1.0.34.tgz",
			"integrity": "sha1-Elgg40vIQtLyqq+v5MKRbuMsFXw=",
			"requires": {
				"core-util-is": "~1.0.0",
				"inherits": "~2.0.1",
				"isarray": "0.0.1",
				"string_decoder": "~0.10.x"
			}
		},
		"string_decoder": {
			"version": "0.10.31",
			"resolved": "https://registry.npmjs.org/string_decoder/-/string_decoder-0.10.31.tgz",
			"integrity": "sha1-YuIDvEF2bGwoyfyEMB2rHFMQ+pQ="
		},
		"to-utf8": {
			"version": "0.0.1",
			"resolved": "https://registry.npmjs.org/to-utf8/-/to-utf8-0.0.1.tgz",
			"integrity": "sha1-0Xrqcv8vujm55DYBvns/9y4ImFI="
		},
		"typescript": {
			"version": "4.5.2",
			"resolved": "https://registry.npmjs.org/typescript/-/typescript-4.5.2.tgz",
			"integrity": "sha512-5BlMof9H1yGt0P8/WF+wPNw6GfctgGjXp5hkblpyT+8rkASSmkUKMXrxR0Xg8ThVCi/JnHQiKXeBaEwCeQwMFw==",
			"dev": true
		},
		"wordwrap": {
			"version": "0.0.3",
			"resolved": "https://registry.npmjs.org/wordwrap/-/wordwrap-0.0.3.tgz",
			"integrity": "sha1-o9XabNXAvAAI03I0u68b7WMFkQc="
		},
		"xmldom": {
			"version": "0.1.31",
			"resolved": "https://registry.npmjs.org/xmldom/-/xmldom-0.1.31.tgz",
			"integrity": "sha512-yS2uJflVQs6n+CyjHoaBmVSqIDevTAWrzMmjG1Gc7h1qQ7uVozNhEPJAwZXWyGQ/Gafo3fCwrcaokezLPupVyQ=="
		}
	}
}
